
Microsoft Visual Studio Solution File, Format Version 12.00
# Visual Studio Version 17
VisualStudioVersion = 17.5.33530.505
MinimumVisualStudioVersion = 10.0.40219.1
Project("{FAE04EC0-301F-11D3-BF4B-00C04F79EFBC}") = "EmployeeCRUD", "EmployeeCRUD\EmployeeCRUD.csproj", "{7AA5582D-C7BD-49BF-99BA-89D5156F84FB}"
EndProject
Global
	GlobalSection(SolutionConfigurationPlatforms) = preSolution
		Debug|Any CPU = Debug|Any CPU
		Release|Any CPU = Release|Any CPU
	EndGlobalSection
	GlobalSection(ProjectConfigurationPlatforms) = postSolution
		{7AA5582D-C7BD-49BF-99BA-89D5156F84FB}.Debug|Any CPU.ActiveCfg = Debug|Any CPU
		{7AA5582D-C7BD-49BF-99BA-89D5156F84FB}.Debug|Any CPU.Build.0 = Debug|Any CPU
		{7AA5582D-C7BD-49BF-99BA-89D5156F84FB}.Release|Any CPU.ActiveCfg = Release|Any CPU
		{7AA5582D-C7BD-49BF-99BA-89D5156F84FB}.Release|Any CPU.Build.0 = Release|Any CPU
	EndGlobalSection
	GlobalSection(SolutionProperties) = preSolution
		HideSolutionNode = FALSE
	EndGlobalSection
	GlobalSection(ExtensibilityGlobals) = postSolution
		SolutionGuid = {1C074AD0-C69B-4E4B-B90A-8EC21590A1DD}
	EndGlobalSection
EndGlobal
